
Microsoft Visual Studio Solution File, Format Version 12.00
# Visual Studio Version 17
VisualStudioVersion = 17.9.34622.214
MinimumVisualStudioVersion = 10.0.40219.1
Project("{FAE04EC0-301F-11D3-BF4B-00C04F79EFBC}") = "Berti_NagyBeadando", "Berti_NagyBeadando\Berti_NagyBeadando.csproj", "{204CE7D3-7EF9-4B4A-999B-515FCD9A31B1}"
EndProject
Global
	GlobalSection(SolutionConfigurationPlatforms) = preSolution
		Debug|Any CPU = Debug|Any CPU
		Release|Any CPU = Release|Any CPU
	EndGlobalSection
	GlobalSection(ProjectConfigurationPlatforms) = postSolution
		{204CE7D3-7EF9-4B4A-999B-515FCD9A31B1}.Debug|Any CPU.ActiveCfg = Debug|Any CPU
		{204CE7D3-7EF9-4B4A-999B-515FCD9A31B1}.Debug|Any CPU.Build.0 = Debug|Any CPU
		{204CE7D3-7EF9-4B4A-999B-515FCD9A31B1}.Release|Any CPU.ActiveCfg = Release|Any CPU
		{204CE7D3-7EF9-4B4A-999B-515FCD9A31B1}.Release|Any CPU.Build.0 = Release|Any CPU
	EndGlobalSection
	GlobalSection(SolutionProperties) = preSolution
		HideSolutionNode = FALSE
	EndGlobalSection
	GlobalSection(ExtensibilityGlobals) = postSolution
		SolutionGuid = {69BE7E99-720B-4D16-B3ED-13CFE6137D9D}
	EndGlobalSection
EndGlobal
